
Microsoft Visual Studio Solution File, Format Version 12.00
# Visual Studio Version 17
VisualStudioVersion = 17.11.35219.272
MinimumVisualStudioVersion = 10.0.40219.1
Project("{FAE04EC0-301F-11D3-BF4B-00C04F79EFBC}") = "sinemabufe_satıs", "sinemabufe_satıs\sinemabufe_satıs.csproj", "{3F51B8D9-949A-4811-9917-7CDF73A80D1D}"
EndProject
Global
	GlobalSection(SolutionConfigurationPlatforms) = preSolution
		Debug|Any CPU = Debug|Any CPU
		Release|Any CPU = Release|Any CPU
	EndGlobalSection
	GlobalSection(ProjectConfigurationPlatforms) = postSolution
		{3F51B8D9-949A-4811-9917-7CDF73A80D1D}.Debug|Any CPU.ActiveCfg = Debug|Any CPU
		{3F51B8D9-949A-4811-9917-7CDF73A80D1D}.Debug|Any CPU.Build.0 = Debug|Any CPU
		{3F51B8D9-949A-4811-9917-7CDF73A80D1D}.Release|Any CPU.ActiveCfg = Release|Any CPU
		{3F51B8D9-949A-4811-9917-7CDF73A80D1D}.Release|Any CPU.Build.0 = Release|Any CPU
	EndGlobalSection
	GlobalSection(SolutionProperties) = preSolution
		HideSolutionNode = FALSE
	EndGlobalSection
	GlobalSection(ExtensibilityGlobals) = postSolution
		SolutionGuid = {F958E812-F3B2-4EE5-A844-C515292119BC}
	EndGlobalSection
EndGlobal
